
Microsoft Visual Studio Solution File, Format Version 12.00
# Visual Studio 15
VisualStudioVersion = 15.0.28010.2036
MinimumVisualStudioVersion = 10.0.40219.1
Project("{FAE04EC0-301F-11D3-BF4B-00C04F79EFBC}") = "BBBWebApiCodeFirst", "BBBWebApiCodeFirst\BBBWebApiCodeFirst.csproj", "{6FE00DD1-2430-4C3D-879A-D4A3C0374004}"
EndProject
Global
	GlobalSection(SolutionConfigurationPlatforms) = preSolution
		Debug|Any CPU = Debug|Any CPU
		Release|Any CPU = Release|Any CPU
	EndGlobalSection
	GlobalSection(ProjectConfigurationPlatforms) = postSolution
		{6FE00DD1-2430-4C3D-879A-D4A3C0374004}.Debug|Any CPU.ActiveCfg = Debug|Any CPU
		{6FE00DD1-2430-4C3D-879A-D4A3C0374004}.Debug|Any CPU.Build.0 = Debug|Any CPU
		{6FE00DD1-2430-4C3D-879A-D4A3C0374004}.Release|Any CPU.ActiveCfg = Release|Any CPU
		{6FE00DD1-2430-4C3D-879A-D4A3C0374004}.Release|Any CPU.Build.0 = Release|Any CPU
	EndGlobalSection
	GlobalSection(SolutionProperties) = preSolution
		HideSolutionNode = FALSE
	EndGlobalSection
	GlobalSection(ExtensibilityGlobals) = postSolution
		SolutionGuid = {3734F8D4-76C1-4109-BF15-E019B351F711}
	EndGlobalSection
EndGlobal
